
Microsoft Visual Studio Solution File, Format Version 12.00
# Visual Studio Version 17
VisualStudioVersion = 17.14.36518.9 d17.14
MinimumVisualStudioVersion = 10.0.40219.1
Project("{8BC9CEB8-8B4A-11D0-8D11-00A0C91BC942}") = "Task1", "Task1\Task1.vcxproj", "{3694C988-FF5C-4904-A8C2-55E59BE08299}"
EndProject
Global
	GlobalSection(SolutionConfigurationPlatforms) = preSolution
		Debug|x64 = Debug|x64
		Debug|x86 = Debug|x86
		Release|x64 = Release|x64
		Release|x86 = Release|x86
	EndGlobalSection
	GlobalSection(ProjectConfigurationPlatforms) = postSolution
		{3694C988-FF5C-4904-A8C2-55E59BE08299}.Debug|x64.ActiveCfg = Debug|x64
		{3694C988-FF5C-4904-A8C2-55E59BE08299}.Debug|x64.Build.0 = Debug|x64
		{3694C988-FF5C-4904-A8C2-55E59BE08299}.Debug|x86.ActiveCfg = Debug|Win32
		{3694C988-FF5C-4904-A8C2-55E59BE08299}.Debug|x86.Build.0 = Debug|Win32
		{3694C988-FF5C-4904-A8C2-55E59BE08299}.Release|x64.ActiveCfg = Release|x64
		{3694C988-FF5C-4904-A8C2-55E59BE08299}.Release|x64.Build.0 = Release|x64
		{3694C988-FF5C-4904-A8C2-55E59BE08299}.Release|x86.ActiveCfg = Release|Win32
		{3694C988-FF5C-4904-A8C2-55E59BE08299}.Release|x86.Build.0 = Release|Win32
	EndGlobalSection
	GlobalSection(SolutionProperties) = preSolution
		HideSolutionNode = FALSE
	EndGlobalSection
	GlobalSection(ExtensibilityGlobals) = postSolution
		SolutionGuid = {B7F684F2-8722-4FB8-8308-1A998C0681DE}
	EndGlobalSection
EndGlobal
